<?xml version="1.0" encoding="utf-8"?>
<Project ToolsVersion="4.0" xmlns="http://schemas.microsoft.com/developer/msbuild/2003">
  <ItemGroup>
    <Filter Include="Source Files">
      <UniqueIdentifier>{4FC737F1-C7A5-4376-A066-2A32D752A2FF}</UniqueIdentifier>
      <Extensions>cpp;c;cc;cxx;c++;cppm;ixx;def;odl;idl;hpj;bat;asm;asmx</Extensions>
    </Filter>
    <Filter Include="Header Files">
      <UniqueIdentifier>{93995380-89BD-4b04-88EB-625FBE52EBFB}</UniqueIdentifier>
      <Extensions>h;hh;hpp;hxx;h++;hm;inl;inc;ipp;xsd</Extensions>
    </Filter>
    <Filter Include="Resource Files">
      <UniqueIdentifier>{67DA6AB6-F800-4c08-8B7A-83BB121AAD01}</UniqueIdentifier>
      <Extensions>rc;ico;cur;bmp;dlg;rc2;rct;bin;rgs;gif;jpg;jpeg;jpe;resx;tiff;tif;png;wav;mfcribbon-ms</Extensions>
    </Filter>
    <Filter Include="Header Files\Model">
      <UniqueIdentifier>{4b8f9cd9-acaf-4706-be25-3b50b6cdb31a}</UniqueIdentifier>
    </Filter>
    <Filter Include="Header Files\View">
      <UniqueIdentifier>{6e523c27-050d-4028-94bd-162b9bca3a3d}</UniqueIdentifier>
    </Filter>
    <Filter Include="Header Files\Controller">
      <UniqueIdentifier>{8bd2404a-64ec-4c29-917a-f28fe73a6a61}</UniqueIdentifier>
    </Filter>
    <Filter Include="Header Files\Application">
      <UniqueIdentifier>{24fdd1d9-f68b-491b-a320-c66888491466}</UniqueIdentifier>
    </Filter>
    <Filter Include="Header Files\Util">
      <UniqueIdentifier>{a61433f9-43bd-4848-a3eb-94a2731ee53d}</UniqueIdentifier>
    </Filter>
    <Filter Include="Header Files\Factory">
      <UniqueIdentifier>{4368eb42-3d98-4fb0-b657-2e51645ba371}</UniqueIdentifier>
    </Filter>
    <Filter Include="Source Files\Model">
      <UniqueIdentifier>{7623125a-fcc9-4b9a-b01c-8d4be899add2}</UniqueIdentifier>
    </Filter>
    <Filter Include="Source Files\View">
      <UniqueIdentifier>{15572463-d807-4d8b-a2cb-f5e8153dfed0}</UniqueIdentifier>
    </Filter>
    <Filter Include="Source Files\Controller">
      <UniqueIdentifier>{dbd1bf69-37f3-4a4b-882b-a8c09d206d66}</UniqueIdentifier>
    </Filter>
    <Filter Include="Source Files\Application">
      <UniqueIdentifier>{a67d919c-7649-45b4-802a-4c74d40749f2}</UniqueIdentifier>
    </Filter>
    <Filter Include="Source Files\Util">
      <UniqueIdentifier>{7d13dc69-9a85-414a-93e3-cd3581cfd7d5}</UniqueIdentifier>
    </Filter>
    <Filter Include="Source Files\Factory">
      <UniqueIdentifier>{f494eb97-4458-4a50-808d-86c742450004}</UniqueIdentifier>
    </Filter>
  </ItemGroup>
  <ItemGroup>
    <ClInclude Include="inc\model\Board.h">
      <Filter>Header Files\Model</Filter>
    </ClInclude>
    <ClInclude Include="inc\model\BoardData.h">
      <Filter>Header Files\Model</Filter>
    </ClInclude>
    <ClInclude Include="inc\model\ChessPiece.h">
      <Filter>Header Files\Model</Filter>
    </ClInclude>
    <ClInclude Include="inc\model\Tile.h">
      <Filter>Header Files\Model</Filter>
    </ClInclude>
    <ClInclude Include="inc\model\TileData.h">
      <Filter>Header Files\Model</Filter>
    </ClInclude>
    <ClInclude Include="inc\application\ApplicationImpl.h">
      <Filter>Header Files\Application</Filter>
    </ClInclude>
    <ClInclude Include="inc\application\IApplication.h">
      <Filter>Header Files\Application</Filter>
    </ClInclude>
    <ClInclude Include="inc\factory\ChessPieceFactory.h">
      <Filter>Header Files\Factory</Filter>
    </ClInclude>
    <ClInclude Include="inc\util\CommonTypes.h">
      <Filter>Header Files\Util</Filter>
    </ClInclude>
    <ClInclude Include="inc\util\ImageLoader.h">
      <Filter>Header Files\Util</Filter>
    </ClInclude>
    <ClInclude Include="inc\util\Texture.h">
      <Filter>Header Files\Util</Filter>
    </ClInclude>
    <ClInclude Include="inc\view\BoardView.h">
      <Filter>Header Files\View</Filter>
    </ClInclude>
    <ClInclude Include="inc\view\ChessPieceView.h">
      <Filter>Header Files\View</Filter>
    </ClInclude>
    <ClInclude Include="inc\view\IView.h">
      <Filter>Header Files\View</Filter>
    </ClInclude>
    <ClInclude Include="inc\view\TileView.h">
      <Filter>Header Files\View</Filter>
    </ClInclude>
    <ClInclude Include="inc\controller\GameController.h">
      <Filter>Header Files\Controller</Filter>
    </ClInclude>
  </ItemGroup>
  <ItemGroup>
    <ClCompile Include="src\application\ApplicationImpl.cpp">
      <Filter>Source Files\Application</Filter>
    </ClCompile>
    <ClCompile Include="src\controller\GameController.cpp">
      <Filter>Source Files\Controller</Filter>
    </ClCompile>
    <ClCompile Include="src\factory\ChessPieceFactory.cpp">
      <Filter>Source Files\Factory</Filter>
    </ClCompile>
    <ClCompile Include="src\model\Board.cpp">
      <Filter>Source Files\Model</Filter>
    </ClCompile>
    <ClCompile Include="src\model\ChessPiece.cpp">
      <Filter>Source Files\Model</Filter>
    </ClCompile>
    <ClCompile Include="src\model\Tile.cpp">
      <Filter>Source Files\Model</Filter>
    </ClCompile>
    <ClCompile Include="src\util\ImageLoader.cpp">
      <Filter>Source Files\Util</Filter>
    </ClCompile>
    <ClCompile Include="src\util\Texture.cpp">
      <Filter>Source Files\Util</Filter>
    </ClCompile>
    <ClCompile Include="src\view\BoardView.cpp">
      <Filter>Source Files\View</Filter>
    </ClCompile>
    <ClCompile Include="src\view\ChessPieceView.cpp">
      <Filter>Source Files\View</Filter>
    </ClCompile>
    <ClCompile Include="src\view\TileView.cpp">
      <Filter>Source Files\View</Filter>
    </ClCompile>
    <ClCompile Include="src\main.cpp">
      <Filter>Source Files</Filter>
    </ClCompile>
  </ItemGroup>
</Project>